// !$*UTF8*$!
{
	archiveVersion = 1;
	classes = {
	};
	objectVersion = 46;
	objects = {

/* Begin PBXBuildFile section */
		2722D74F1D71473E005A0C9E /* AppDelegate.swift in Sources */ = {isa = PBXBuildFile; fileRef = 2722D74E1D71473E005A0C9E /* AppDelegate.swift */; };
		2722D7511D71473E005A0C9E /* ViewController.swift in Sources */ = {isa = PBXBuildFile; fileRef = 2722D7501D71473E005A0C9E /* ViewController.swift */; };
		2722D7561D71473E005A0C9E /* Assets.xcassets in Resources */ = {isa = PBXBuildFile; fileRef = 2722D7551D71473E005A0C9E /* Assets.xcassets */; };
		2722D7591D71473E005A0C9E /* LaunchScreen.storyboard in Resources */ = {isa = PBXBuildFile; fileRef = 2722D7571D71473E005A0C9E /* LaunchScreen.storyboard */; };
		2722D7611D717BDE005A0C9E /* ZNFishViewController.swift in Sources */ = {isa = PBXBuildFile; fileRef = 2722D7601D717BDE005A0C9E /* ZNFishViewController.swift */; };
/* End PBXBuildFile section */

/* Begin PBXFileReference section */
		2722D74B1D71473E005A0C9E /* ZNFish.app */ = {isa = PBXFileReference; explicitFileType = wrapper.application; includeInIndex = 0; path = ZNFish.app; sourceTree = BUILT_PRODUCTS_DIR; };
		2722D74E1D71473E005A0C9E /* AppDelegate.swift */ = {isa = PBXFileReference; lastKnownFileType = sourcecode.swift; path = AppDelegate.swift; sourceTree = "<group>"; };
		2722D7501D71473E005A0C9E /* ViewController.swift */ = {isa = PBXFileReference; lastKnownFileType = sourcecode.swift; path = ViewController.swift; sourceTree = "<group>"; };
		2722D7551D71473E005A0C9E /* Assets.xcassets */ = {isa = PBXFileReference; lastKnownFileType = folder.assetcatalog; path = Assets.xcassets; sourceTree = "<group>"; };
		2722D7581D71473E005A0C9E /* Base */ = {isa = PBXFileReference; lastKnownFileType = file.storyboard; name = Base; path = Base.lproj/LaunchScreen.storyboard; sourceTree = "<group>"; };
		2722D75A1D71473E005A0C9E /* Info.plist */ = {isa = PBXFileReference; lastKnownFileType = text.plist.xml; path = Info.plist; sourceTree = "<group>"; };
		2722D7601D717BDE005A0C9E /* ZNFishViewController.swift */ = {isa = PBXFileReference; fileEncoding = 4; lastKnownFileType = sourcecode.swift; path = ZNFishViewController.swift; sourceTree = "<group>"; };
/* End PBXFileReference section */

/* Begin PBXFrameworksBuildPhase section */
		2722D7481D71473E005A0C9E /* Frameworks */ = {
			isa = PBXFrameworksBuildPhase;
			buildActionMask = 2147483647;
			files = (
			);
			runOnlyForDeploymentPostprocessing = 0;
		};
/* End PBXFrameworksBuildPhase section */

/* Begin PBXGroup section */
		2722D7421D71473E005A0C9E = {
			isa = PBXGroup;
			children = (
				2722D74D1D71473E005A0C9E /* ZNFish */,
				2722D74C1D71473E005A0C9E /* Products */,
			);
			sourceTree = "<group>";
		};
		2722D74C1D71473E005A0C9E /* Products */ = {
			isa = PBXGroup;
			children = (
				2722D74B1D71473E005A0C9E /* ZNFish.app */,
			);
			name = Products;
			sourceTree = "<group>";
		};
		2722D74D1D71473E005A0C9E /* ZNFish */ = {
			isa = PBXGroup;
			children = (
				2722D74E1D71473E005A0C9E /* AppDelegate.swift */,
				2722D7501D71473E005A0C9E /* ViewController.swift */,
				2722D7601D717BDE005A0C9E /* ZNFishViewController.swift */,
				2722D7551D71473E005A0C9E /* Assets.xcassets */,
				2722D7571D71473E005A0C9E /* LaunchScreen.storyboard */,
				2722D75A1D71473E005A0C9E /* Info.plist */,
			);
			path = ZNFish;
			sourceTree = "<group>";
		};
/* End PBXGroup section */

/* Begin PBXNativeTarget section */
		2722D74A1D71473E005A0C9E /* ZNFish */ = {
			isa = PBXNativeTarget;
			buildConfigurationList = 2722D75D1D71473E005A0C9E /* Build configuration list for PBXNativeTarget "ZNFish" */;
			buildPhases = (
				2722D7471D71473E005A0C9E /* Sources */,
				2722D7481D71473E005A0C9E /* Frameworks */,
				2722D7491D71473E005A0C9E /* Resources */,
			);
			buildRules = (
			);
			dependencies = (
			);
			name = ZNFish;
			productName = ZNFish;
			productReference = 2722D74B1D71473E005A0C9E /* ZNFish.app */;
			productType = "com.apple.product-type.application";
		};
/* End PBXNativeTarget section */

/* Begin PBXProject section */
		2722D7431D71473E005A0C9E /* Project object */ = {
			isa = PBXProject;
			attributes = {
				LastSwiftUpdateCheck = 0730;
				LastUpgradeCheck = 0730;
				ORGANIZATIONNAME = "赵恩峰";
				TargetAttributes = {
					2722D74A1D71473E005A0C9E = {
						CreatedOnToolsVersion = 7.3.1;
					};
				};
			};
			buildConfigurationList = 2722D7461D71473E005A0C9E /* Build configuration list for PBXProject "ZNFish" */;
			compatibilityVersion = "Xcode 3.2";
			developmentRegion = English;
			hasScannedForEncodings = 0;
			knownRegions = (
				en,
				Base,
			);
			mainGroup = 2722D7421D71473E005A0C9E;
			productRefGroup = 2722D74C1D71473E005A0C9E /* Products */;
			projectDirPath = "";
			projectRoot = "";
			targets = (
				2722D74A1D71473E005A0C9E /* ZNFish */,
			);
		};
/* End PBXProject section */

/* Begin PBXResourcesBuildPhase section */
		2722D7491D71473E005A0C9E /* Resources */ = {
			isa = PBXResourcesBuildPhase;
			buildActionMask = 2147483647;
			files = (
				2722D7591D71473E005A0C9E /* LaunchScreen.storyboard in Resources */,
				2722D7561D71473E005A0C9E /* Assets.xcassets in Resources */,
			);
			runOnlyForDeploymentPostprocessing = 0;
		};
/* End PBXResourcesBuildPhase section */

/* Begin PBXSourcesBuildPhase section */
		2722D7471D71473E005A0C9E /* Sources */ = {
			isa = PBXSourcesBuildPhase;
			buildActionMask = 2147483647;
			files = (
				2722D7511D71473E005A0C9E /* ViewController.swift in Sources */,
				2722D7611D717BDE005A0C9E /* ZNFishViewController.swift in Sources */,
				2722D74F1D71473E005A0C9E /* AppDelegate.swift in Sources */,
			);
			runOnlyForDeploymentPostprocessing = 0;
		};
/* End PBXSourcesBuildPhase section */

/* Begin PBXVariantGroup section */
		2722D7571D71473E005A0C9E /* LaunchScreen.storyboard */ = {
			isa = PBXVariantGroup;
			children = (
				2722D7581D71473E005A0C9E /* Base */,
			);
			name = LaunchScreen.storyboard;
			sourceTree = "<group>";
		};
/* End PBXVariantGroup section */

/* Begin XCBuildConfiguration section */
		2722D75B1D71473E005A0C9E /* Debug */ = {
			isa = XCBuildConfiguration;
			buildSettings = {
				ALWAYS_SEARCH_USER_PATHS = NO;
				CLANG_ANALYZER_NONNULL = YES;
				CLANG_CXX_LANGUAGE_STANDARD = "gnu++0x";
				CLANG_CXX_LIBRARY = "libc++";
				CLANG_ENABLE_MODULES = YES;
				CLANG_ENABLE_OBJC_ARC = YES;
				CLANG_WARN_BOOL_CONVERSION = YES;
				CLANG_WARN_CONSTANT_CONVERSION = YES;
				CLANG_WARN_DIRECT_OBJC_ISA_USAGE = YES_ERROR;
				CLANG_WARN_EMPTY_BODY = YES;
				CLANG_WARN_ENUM_CONVERSION = YES;
				CLANG_WARN_INT_CONVERSION = YES;
				CLANG_WARN_OBJC_ROOT_CLASS = YES_ERROR;
				CLANG_WARN_UNREACHABLE_CODE = YES;
				CLANG_WARN__DUPLICATE_METHOD_MATCH = YES;
				"CODE_SIGN_IDENTITY[sdk=iphoneos*]" = "iPhone Developer";
				COPY_PHASE_STRIP = NO;
				DEBUG_INFORMATION_FORMAT = dwarf;
				ENABLE_STRICT_OBJC_MSGSEND = YES;
				ENABLE_TESTABILITY = YES;
				GCC_C_LANGUAGE_STANDARD = gnu99;
				GCC_DYNAMIC_NO_PIC = NO;
				GCC_NO_COMMON_BLOCKS = YES;
				GCC_OPTIMIZATION_LEVEL = 0;
				GCC_PREPROCESSOR_DEFINITIONS = (
					"DEBUG=1",
					"$(inherited)",
				);
				GCC_WARN_64_TO_32_BIT_CONVERSION = YES;
				GCC_WARN_ABOUT_RETURN_TYPE = YES_ERROR;
				GCC_WARN_UNDECLARED_SELECTOR = YES;
				GCC_WARN_UNINITIALIZED_AUTOS = YES_AGGRESSIVE;
				GCC_WARN_UNUSED_FUNCTION = YES;
				GCC_WARN_UNUSED_VARIABLE = YES;
				IPHONEOS_DEPLOYMENT_TARGET = 9.3;
				MTL_ENABLE_DEBUG_INFO = YES;
				ONLY_ACTIVE_ARCH = YES;
				SDKROOT = iphoneos;
				SWIFT_OPTIMIZATION_LEVEL = "-Onone";
			};
			name = Debug;
		};
		2722D75C1D71473E005A0C9E /* Release */ = {
			isa = XCBuildConfiguration;
			buildSettings = {
				ALWAYS_SEARCH_USER_PATHS = NO;
				CLANG_ANALYZER_NONNULL = YES;
				CLANG_CXX_LANGUAGE_STANDARD = "gnu++0x";
				CLANG_CXX_LIBRARY = "libc++";
				CLANG_ENABLE_MODULES = YES;
				CLANG_ENABLE_OBJC_ARC = YES;
				CLANG_WARN_BOOL_CONVERSION = YES;
				CLANG_WARN_CONSTANT_CONVERSION = YES;
				CLANG_WARN_DIRECT_OBJC_ISA_USAGE = YES_ERROR;
				CLANG_WARN_EMPTY_BODY = YES;
				CLANG_WARN_ENUM_CONVERSION = YES;
				CLANG_WARN_INT_CONVERSION = YES;
				CLANG_WARN_OBJC_ROOT_CLASS = YES_ERROR;
				CLANG_WARN_UNREACHABLE_CODE = YES;
				CLANG_WARN__DUPLICATE_METHOD_MATCH = YES;
				"CODE_SIGN_IDENTITY[sdk=iphoneos*]" = "iPhone Developer";
				COPY_PHASE_STRIP = NO;
				DEBUG_INFORMATION_FORMAT = "dwarf-with-dsym";
				ENABLE_NS_ASSERTIONS = NO;
				ENABLE_STRICT_OBJC_MSGSEND = YES;
				GCC_C_LANGUAGE_STANDARD = gnu99;
				GCC_NO_COMMON_BLOCKS = YES;
				GCC_WARN_64_TO_32_BIT_CONVERSION = YES;
				GCC_WARN_ABOUT_RETURN_TYPE = YES_ERROR;
				GCC_WARN_UNDECLARED_SELECTOR = YES;
				GCC_WARN_UNINITIALIZED_AUTOS = YES_AGGRESSIVE;
				GCC_WARN_UNUSED_FUNCTION = YES;
				GCC_WARN_UNUSED_VARIABLE = YES;
				IPHONEOS_DEPLOYMENT_TARGET = 9.3;
				MTL_ENABLE_DEBUG_INFO = NO;
				SDKROOT = iphoneos;
				VALIDATE_PRODUCT = YES;
			};
			name = Release;
		};
		2722D75E1D71473E005A0C9E /* Debug */ = {
			isa = XCBuildConfiguration;
			buildSettings = {
				ASSETCATALOG_COMPILER_APPICON_NAME = AppIcon;
				INFOPLIST_FILE = ZNFish/Info.plist;
				LD_RUNPATH_SEARCH_PATHS = "$(inherited) @executable_path/Frameworks";
				PRODUCT_BUNDLE_IDENTIFIER = com.zhao95.ZNFish;
				PRODUCT_NAME = "$(TARGET_NAME)";
			};
			name = Debug;
		};
		2722D75F1D71473E005A0C9E /* Release */ = {
			isa = XCBuildConfiguration;
			buildSettings = {
				ASSETCATALOG_COMPILER_APPICON_NAME = AppIcon;
				INFOPLIST_FILE = ZNFish/Info.plist;
				LD_RUNPATH_SEARCH_PATHS = "$(inherited) @executable_path/Frameworks";
				PRODUCT_BUNDLE_IDENTIFIER = com.zhao95.ZNFish;
				PRODUCT_NAME = "$(TARGET_NAME)";
			};
			name = Release;
		};
/* End XCBuildConfiguration section */

/* Begin XCConfigurationList section */
		2722D7461D71473E005A0C9E /* Build configuration list for PBXProject "ZNFish" */ = {
			isa = XCConfigurationList;
			buildConfigurations = (
				2722D75B1D71473E005A0C9E /* Debug */,
				2722D75C1D71473E005A0C9E /* Release */,
			);
			defaultConfigurationIsVisible = 0;
			defaultConfigurationName = Release;
		};
		2722D75D1D71473E005A0C9E /* Build configuration list for PBXNativeTarget "ZNFish" */ = {
			isa = XCConfigurationList;
			buildConfigurations = (
				2722D75E1D71473E005A0C9E /* Debug */,
				2722D75F1D71473E005A0C9E /* Release */,
			);
			defaultConfigurationIsVisible = 0;
			defaultConfigurationName = Release;
		};
/* End XCConfigurationList section */
	};
	rootObject = 2722D7431D71473E005A0C9E /* Project object */;
}
